<?xml version="1.0" encoding="utf-8"?>
<Project ToolsVersion="4.0" xmlns="http://schemas.microsoft.com/developer/msbuild/2003">
  <ItemGroup>
    <Filter Include="Source Files">
      <UniqueIdentifier>{4FC737F1-C7A5-4376-A066-2A32D752A2FF}</UniqueIdentifier>
      <Extensions>cpp;c;cc;cxx;c++;cppm;ixx;def;odl;idl;hpj;bat;asm;asmx</Extensions>
    </Filter>
    <Filter Include="Header Files">
      <UniqueIdentifier>{93995380-89BD-4b04-88EB-625FBE52EBFB}</UniqueIdentifier>
      <Extensions>h;hh;hpp;hxx;h++;hm;inl;inc;ipp;xsd</Extensions>
    </Filter>
    <Filter Include="Resource Files">
      <UniqueIdentifier>{67DA6AB6-F800-4c08-8B7A-83BB121AAD01}</UniqueIdentifier>
      <Extensions>rc;ico;cur;bmp;dlg;rc2;rct;bin;rgs;gif;jpg;jpeg;jpe;resx;tiff;tif;png;wav;mfcribbon-ms</Extensions>
    </Filter>
  </ItemGroup>
  <ItemGroup>
    <ClCompile Include="Llogaritaje e shpejtesise.cpp">
      <Filter>Source Files</Filter>
    </ClCompile>
    <ClCompile Include="Funksionet matematikore.cpp">
      <Filter>Source Files</Filter>
    </ClCompile>
    <ClCompile Include="Paradite-Pasdite.cpp">
      <Filter>Source Files</Filter>
    </ClCompile>
    <ClCompile Include="Nota e nxenesit.cpp">
      <Filter>Source Files</Filter>
    </ClCompile>
    <ClCompile Include="Source.cpp">
      <Filter>Source Files</Filter>
    </ClCompile>
    <ClCompile Include="CiftTek.cpp">
      <Filter>Source Files</Filter>
    </ClCompile>
    <ClCompile Include="CiftTekMeDoWhile.cpp">
      <Filter>Source Files</Filter>
    </ClCompile>
    <ClCompile Include="KrahasimiIDyNumrave.cpp">
      <Filter>Source Files</Filter>
    </ClCompile>
    <ClCompile Include="NumratTekRenes.cpp">
      <Filter>Source Files</Filter>
    </ClCompile>
    <ClCompile Include="KomandaSwitch.cpp">
      <Filter>Source Files</Filter>
    </ClCompile>
    <ClCompile Include="Shuma e anetareve te vargut.cpp">
      <Filter>Source Files</Filter>
    </ClCompile>
    <ClCompile Include="Vlera minimale e vargut.cpp">
      <Filter>Source Files</Filter>
    </ClCompile>
    <ClCompile Include="Shtyp dhe numero numrat pozitiv ne varg.cpp">
      <Filter>Source Files</Filter>
    </ClCompile>
    <ClCompile Include="Numrimi i anetareve te caktuar te matrices.cpp">
      <Filter>Source Files</Filter>
    </ClCompile>
    <ClCompile Include="Shuma dhe prodhimi i anetareve te matrices.cpp">
      <Filter>Source Files</Filter>
    </ClCompile>
    <ClCompile Include="Formimi i matricave.cpp">
      <Filter>Source Files</Filter>
    </ClCompile>
    <ClCompile Include="NumroVleratMesaDheb.cpp">
      <Filter>Source Files</Filter>
    </ClCompile>
    <ClCompile Include="ShumaMeFunksione.cpp">
      <Filter>Source Files</Filter>
    </ClCompile>
    <ClCompile Include="Mean Squared Error and Max Error.cpp">
      <Filter>Source Files</Filter>
    </ClCompile>
    <ClCompile Include="Funksionet e mbinarkuara.cpp">
      <Filter>Source Files</Filter>
    </ClCompile>
    <ClCompile Include="Shembull me numerime.cpp">
      <Filter>Source Files</Filter>
    </ClCompile>
    <ClCompile Include="Nota e studentit.cpp">
      <Filter>Source Files</Filter>
    </ClCompile>
    <ClCompile Include="Cmimi i vetures.cpp">
      <Filter>Source Files</Filter>
    </ClCompile>
  </ItemGroup>
  <ItemGroup>
    <ClInclude Include="prodhimi.h">
      <Filter>Header Files</Filter>
    </ClInclude>
  </ItemGroup>
</Project>